{
    "_meta": {
        "hash": {
            "sha256": "7183dc6a5eeb62cf8447173a963b838bfb103f724df5dc7ccdf3ea21c4947e76"
        },
        "pipfile-spec": 6,
        "requires": {
            "python_version": "3.13"
        },
        "sources": [
            {
                "name": "pypi",
                "url": "https://pypi.org/simple",
                "verify_ssl": true
            }
        ]
    },
    "default": {
        "pymodbus": {
            "hashes": [
                "sha256:292dcf859d6f232c30abc9753c1f0b7804771fd9c749641b32831de01b360b30",
                "sha256:2d08ab7bf6d1abc55a87f4faa3a7b04f74d7310b8c9771c3d66ee5fccf2e25ac"
            ],
            "index": "pypi",
            "markers": "python_full_version >= '3.10.0'",
            "version": "==3.9.2"
        },
        "pyserial": {
            "hashes": [
                "sha256:3c77e014170dfffbd816e6ffc205e9842efb10be9f58ec16d3e8675b4925cddb",
                "sha256:c4451db6ba391ca6ca299fb3ec7bae67a5c55dde170964c7a14ceefec02f2cf0"
            ],
            "index": "pypi",
            "version": "==3.5"
        }
    },
    "develop": {}
}
